
Microsoft Visual Studio Solution File, Format Version 12.00
# Visual Studio Version 17
VisualStudioVersion = 17.5.33424.131
MinimumVisualStudioVersion = 10.0.40219.1
Project("{FAE04EC0-301F-11D3-BF4B-00C04F79EFBC}") = "HouseEmma", "HouseEmma.csproj", "{895829E9-85E2-49A2-B3BF-1B09DDC2AFEA}"
EndProject
Global
	GlobalSection(SolutionConfigurationPlatforms) = preSolution
		Debug|Any CPU = Debug|Any CPU
		Release|Any CPU = Release|Any CPU
	EndGlobalSection
	GlobalSection(ProjectConfigurationPlatforms) = postSolution
		{895829E9-85E2-49A2-B3BF-1B09DDC2AFEA}.Debug|Any CPU.ActiveCfg = Debug|Any CPU
		{895829E9-85E2-49A2-B3BF-1B09DDC2AFEA}.Debug|Any CPU.Build.0 = Debug|Any CPU
		{895829E9-85E2-49A2-B3BF-1B09DDC2AFEA}.Release|Any CPU.ActiveCfg = Release|Any CPU
		{895829E9-85E2-49A2-B3BF-1B09DDC2AFEA}.Release|Any CPU.Build.0 = Release|Any CPU
	EndGlobalSection
	GlobalSection(SolutionProperties) = preSolution
		HideSolutionNode = FALSE
	EndGlobalSection
	GlobalSection(ExtensibilityGlobals) = postSolution
		SolutionGuid = {D80FAC4F-1829-430E-8077-A437B81CA2AD}
	EndGlobalSection
EndGlobal
